
Microsoft Visual Studio Solution File, Format Version 12.00
# Visual Studio Version 17
VisualStudioVersion = 17.2.32526.322
MinimumVisualStudioVersion = 10.0.40219.1
Project("{9A19103F-16F7-4668-BE54-9A1E7A4F7556}") = "1_Variables", "1_Variables\1_Variables.csproj", "{2AF5299E-7DB0-45AB-BE26-B3665B9C3605}"
EndProject
Project("{9A19103F-16F7-4668-BE54-9A1E7A4F7556}") = "1_Variables_1", "1_Variables_1\1_Variables_1.csproj", "{6ED115F0-EA0C-45B5-B588-D2A44472BB66}"
EndProject
Project("{FAE04EC0-301F-11D3-BF4B-00C04F79EFBC}") = "2_TypeCasting", "2_TypeCasting\2_TypeCasting.csproj", "{D5723BE4-C9AE-4C29-AD08-BA2EB9ED9DA3}"
EndProject
Project("{FAE04EC0-301F-11D3-BF4B-00C04F79EFBC}") = "2_TypeConvert", "2_TypeConvert\2_TypeConvert.csproj", "{6191B009-7F5B-4D03-8118-088BC718EC10}"
EndProject
Project("{FAE04EC0-301F-11D3-BF4B-00C04F79EFBC}") = "3_Operators", "3_Operators\3_Operators.csproj", "{613BA904-5F61-4325-AC10-87376E0BE3BE}"
EndProject
Global
	GlobalSection(SolutionConfigurationPlatforms) = preSolution
		Debug|Any CPU = Debug|Any CPU
		Release|Any CPU = Release|Any CPU
	EndGlobalSection
	GlobalSection(ProjectConfigurationPlatforms) = postSolution
		{2AF5299E-7DB0-45AB-BE26-B3665B9C3605}.Debug|Any CPU.ActiveCfg = Debug|Any CPU
		{2AF5299E-7DB0-45AB-BE26-B3665B9C3605}.Debug|Any CPU.Build.0 = Debug|Any CPU
		{2AF5299E-7DB0-45AB-BE26-B3665B9C3605}.Release|Any CPU.ActiveCfg = Release|Any CPU
		{2AF5299E-7DB0-45AB-BE26-B3665B9C3605}.Release|Any CPU.Build.0 = Release|Any CPU
		{6ED115F0-EA0C-45B5-B588-D2A44472BB66}.Debug|Any CPU.ActiveCfg = Debug|Any CPU
		{6ED115F0-EA0C-45B5-B588-D2A44472BB66}.Debug|Any CPU.Build.0 = Debug|Any CPU
		{6ED115F0-EA0C-45B5-B588-D2A44472BB66}.Release|Any CPU.ActiveCfg = Release|Any CPU
		{6ED115F0-EA0C-45B5-B588-D2A44472BB66}.Release|Any CPU.Build.0 = Release|Any CPU
		{D5723BE4-C9AE-4C29-AD08-BA2EB9ED9DA3}.Debug|Any CPU.ActiveCfg = Debug|Any CPU
		{D5723BE4-C9AE-4C29-AD08-BA2EB9ED9DA3}.Debug|Any CPU.Build.0 = Debug|Any CPU
		{D5723BE4-C9AE-4C29-AD08-BA2EB9ED9DA3}.Release|Any CPU.ActiveCfg = Release|Any CPU
		{D5723BE4-C9AE-4C29-AD08-BA2EB9ED9DA3}.Release|Any CPU.Build.0 = Release|Any CPU
		{6191B009-7F5B-4D03-8118-088BC718EC10}.Debug|Any CPU.ActiveCfg = Debug|Any CPU
		{6191B009-7F5B-4D03-8118-088BC718EC10}.Debug|Any CPU.Build.0 = Debug|Any CPU
		{6191B009-7F5B-4D03-8118-088BC718EC10}.Release|Any CPU.ActiveCfg = Release|Any CPU
		{6191B009-7F5B-4D03-8118-088BC718EC10}.Release|Any CPU.Build.0 = Release|Any CPU
		{613BA904-5F61-4325-AC10-87376E0BE3BE}.Debug|Any CPU.ActiveCfg = Debug|Any CPU
		{613BA904-5F61-4325-AC10-87376E0BE3BE}.Debug|Any CPU.Build.0 = Debug|Any CPU
		{613BA904-5F61-4325-AC10-87376E0BE3BE}.Release|Any CPU.ActiveCfg = Release|Any CPU
		{613BA904-5F61-4325-AC10-87376E0BE3BE}.Release|Any CPU.Build.0 = Release|Any CPU
	EndGlobalSection
	GlobalSection(SolutionProperties) = preSolution
		HideSolutionNode = FALSE
	EndGlobalSection
	GlobalSection(ExtensibilityGlobals) = postSolution
		SolutionGuid = {8C40E0A5-188A-46A7-B949-410C5CB7642E}
	EndGlobalSection
EndGlobal
